
Microsoft Visual Studio Solution File, Format Version 12.00
# Visual Studio Version 16
VisualStudioVersion = 16.0.31105.61
MinimumVisualStudioVersion = 10.0.40219.1
Project("{FAE04EC0-301F-11D3-BF4B-00C04F79EFBC}") = "FileShenanigans", "FileShenanigans\FileShenanigans.csproj", "{2D823707-9215-47A4-8FC4-B4D2FB02176E}"
EndProject
Global
	GlobalSection(SolutionConfigurationPlatforms) = preSolution
		Debug|Any CPU = Debug|Any CPU
		Release|Any CPU = Release|Any CPU
	EndGlobalSection
	GlobalSection(ProjectConfigurationPlatforms) = postSolution
		{2D823707-9215-47A4-8FC4-B4D2FB02176E}.Debug|Any CPU.ActiveCfg = Debug|Any CPU
		{2D823707-9215-47A4-8FC4-B4D2FB02176E}.Debug|Any CPU.Build.0 = Debug|Any CPU
		{2D823707-9215-47A4-8FC4-B4D2FB02176E}.Release|Any CPU.ActiveCfg = Release|Any CPU
		{2D823707-9215-47A4-8FC4-B4D2FB02176E}.Release|Any CPU.Build.0 = Release|Any CPU
	EndGlobalSection
	GlobalSection(SolutionProperties) = preSolution
		HideSolutionNode = FALSE
	EndGlobalSection
	GlobalSection(ExtensibilityGlobals) = postSolution
		SolutionGuid = {5BAE8A03-C544-4325-8142-56F11D645717}
	EndGlobalSection
EndGlobal
